{
  "lockfileVersion": 1,
  "configVersion": 1,
  "workspaces": {
    "": {
      "name": "git-stack",
      "devDependencies": {
        "bats": "^1.13.0",
        "bats-assert": "^2.2.4",
        "bats-support": "^0.3.0",
      },
    },
  },
  "packages": {
    "bats": ["bats@1.13.0", "", { "bin": { "bats": "bin/bats" } }, "sha512-giSYKGTOcPZyJDbfbTtzAedLcNWdjCLbXYU3/MwPnjyvDXzu6Dgw8d2M+8jHhZXSmsCMSQqCp+YBsJ603UO4vQ=="],

    "bats-assert": ["bats-assert@2.2.4", "", { "peerDependencies": { "bats": "0.4 || ^1", "bats-support": "^0.3" } }, "sha512-EcaY4Z+Tbz1c7pnC1SrVSq0epr7tLwFpz6qt7KUW9K8uSw8V12DTfH9d2HxZWvBEATaCuMsZ7KoZMFiSQPRoXw=="],

    "bats-support": ["bats-support@0.3.0", "", { "peerDependencies": { "bats": "0.4 || ^1" } }, "sha512-z+2WzXbI4OZgLnynydqH8GpI3+DcOtepO66PlK47SfEzTkiuV9hxn9eIQX+uLVFbt2Oqoc7Ky3TJ/N83lqD+cg=="],
  }
}
